// !$*UTF8*$!
{
	archiveVersion = 1;
	classes = {
	};
	objectVersion = 56;
	objects = {

/* Begin PBXBuildFile section */
		1108C3252C488F6900393AF3 /* Generator.router.swift in Sources */ = {isa = PBXBuildFile; fileRef = 1108C3242C488F6900393AF3 /* Generator.router.swift */; };
		1109E2EC2C39E2F9003DE2AB /* ConsumerEntity+Custom.swift in Sources */ = {isa = PBXBuildFile; fileRef = 1109E2EB2C39E2F9003DE2AB /* ConsumerEntity+Custom.swift */; };
		1109E2ED2C39E608003DE2AB /* Electricity_consumption_calculator.xcdatamodeld in Sources */ = {isa = PBXBuildFile; fileRef = 11C30FEA2C3720A600E43720 /* Electricity_consumption_calculator.xcdatamodeld */; };
		1109E2F12C3B0AA9003DE2AB /* GeneratorDetailsView.swift in Sources */ = {isa = PBXBuildFile; fileRef = 1109E2F02C3B0AA9003DE2AB /* GeneratorDetailsView.swift */; };
		1109E2F72C3B0D3D003DE2AB /* GeneratorEntity+Custom.swift in Sources */ = {isa = PBXBuildFile; fileRef = 1109E2F62C3B0D3D003DE2AB /* GeneratorEntity+Custom.swift */; };
		1109E2FD2C3B2004003DE2AB /* Formatters.swift in Sources */ = {isa = PBXBuildFile; fileRef = 1109E2FC2C3B2004003DE2AB /* Formatters.swift */; };
		1109E3002C3B218C003DE2AB /* EnergyInput.swift in Sources */ = {isa = PBXBuildFile; fileRef = 1109E2FF2C3B218C003DE2AB /* EnergyInput.swift */; };
		1109E3022C3B261B003DE2AB /* Helpers.swift in Sources */ = {isa = PBXBuildFile; fileRef = 1109E3012C3B261B003DE2AB /* Helpers.swift */; };
		1109E30A2C3B32A0003DE2AB /* Localizable.xcstrings in Resources */ = {isa = PBXBuildFile; fileRef = 1109E3092C3B32A0003DE2AB /* Localizable.xcstrings */; };
		1109E30C2C3B3FF0003DE2AB /* Assets.xcassets in Resources */ = {isa = PBXBuildFile; fileRef = 1109E30B2C3B3FF0003DE2AB /* Assets.xcassets */; };
		112A33E92C456BA300920FBF /* KeychainAccess in Frameworks */ = {isa = PBXBuildFile; productRef = 112A33E82C456BA300920FBF /* KeychainAccess */; };
		112A33EB2C456C3A00920FBF /* KeychainAccess.swift in Sources */ = {isa = PBXBuildFile; fileRef = 112A33EA2C456C3A00920FBF /* KeychainAccess.swift */; };
		112A33EE2C45E6AA00920FBF /* Alamofire in Frameworks */ = {isa = PBXBuildFile; productRef = 112A33ED2C45E6AA00920FBF /* Alamofire */; };
		112A33F02C45E6BE00920FBF /* HttpConfig.swift in Sources */ = {isa = PBXBuildFile; fileRef = 112A33EF2C45E6BE00920FBF /* HttpConfig.swift */; };
		112A33F32C45E79400920FBF /* Auth.middleware.swift in Sources */ = {isa = PBXBuildFile; fileRef = 112A33F22C45E79400920FBF /* Auth.middleware.swift */; };
		112A33F72C45E84700920FBF /* Auth.router.swift in Sources */ = {isa = PBXBuildFile; fileRef = 112A33F62C45E84700920FBF /* Auth.router.swift */; };
		112A33FA2C45EAD400920FBF /* Auth.metadata.swift in Sources */ = {isa = PBXBuildFile; fileRef = 112A33F92C45EAD400920FBF /* Auth.metadata.swift */; };
		113084E62C3840150069845B /* ConsumersSectionView.swift in Sources */ = {isa = PBXBuildFile; fileRef = 113084E52C3840150069845B /* ConsumersSectionView.swift */; };
		114BFF212C52E69C00C2685A /* Payloads.http.swift in Sources */ = {isa = PBXBuildFile; fileRef = 114BFF202C52E69C00C2685A /* Payloads.http.swift */; };
		114BFF232C545EFA00C2685A /* Consumer.router.swift in Sources */ = {isa = PBXBuildFile; fileRef = 114BFF222C545EF900C2685A /* Consumer.router.swift */; };
		114BFF252C54646200C2685A /* Consumer.middleware.swift in Sources */ = {isa = PBXBuildFile; fileRef = 114BFF242C54646200C2685A /* Consumer.middleware.swift */; };
		114BFF272C5464D400C2685A /* Generator.middleware.swift in Sources */ = {isa = PBXBuildFile; fileRef = 114BFF262C5464D400C2685A /* Generator.middleware.swift */; };
		114BFF292C54664100C2685A /* Generator.metadata.swift in Sources */ = {isa = PBXBuildFile; fileRef = 114BFF282C54664100C2685A /* Generator.metadata.swift */; };
		118360222C3DEEDC00E97115 /* GoogleSignIn in Frameworks */ = {isa = PBXBuildFile; productRef = 118360212C3DEEDC00E97115 /* GoogleSignIn */; };
		118360242C3DEEDC00E97115 /* GoogleSignInSwift in Frameworks */ = {isa = PBXBuildFile; productRef = 118360232C3DEEDC00E97115 /* GoogleSignInSwift */; };
		1183602B2C3F143F00E97115 /* AppDelegate.swift in Sources */ = {isa = PBXBuildFile; fileRef = 1183602A2C3F143F00E97115 /* AppDelegate.swift */; };
		1191E5C52C56970E001F9D64 /* ConsumerEntity+CoreDataClass.swift in Sources */ = {isa = PBXBuildFile; fileRef = 1191E5C32C56970E001F9D64 /* ConsumerEntity+CoreDataClass.swift */; };
		1191E5C62C56970E001F9D64 /* ConsumerEntity+CoreDataProperties.swift in Sources */ = {isa = PBXBuildFile; fileRef = 1191E5C42C56970E001F9D64 /* ConsumerEntity+CoreDataProperties.swift */; };
		1191E5C92C569958001F9D64 /* GeneratorEntity+CoreDataClass.swift in Sources */ = {isa = PBXBuildFile; fileRef = 1191E5C72C569958001F9D64 /* GeneratorEntity+CoreDataClass.swift */; };
		1191E5CA2C569958001F9D64 /* GeneratorEntity+CoreDataProperties.swift in Sources */ = {isa = PBXBuildFile; fileRef = 1191E5C82C569958001F9D64 /* GeneratorEntity+CoreDataProperties.swift */; };
		1191E5CC2C56C2C1001F9D64 /* SyncManager.swift in Sources */ = {isa = PBXBuildFile; fileRef = 1191E5CB2C56C2C1001F9D64 /* SyncManager.swift */; };
		11C30FE02C3720A300E43720 /* Electricity_consumption_calculatorApp.swift in Sources */ = {isa = PBXBuildFile; fileRef = 11C30FDF2C3720A300E43720 /* Electricity_consumption_calculatorApp.swift */; };
		11C30FE72C3720A500E43720 /* Preview Assets.xcassets in Resources */ = {isa = PBXBuildFile; fileRef = 11C30FE62C3720A500E43720 /* Preview Assets.xcassets */; };
		11C30FE92C3720A500E43720 /* Persistence.swift in Sources */ = {isa = PBXBuildFile; fileRef = 11C30FE82C3720A500E43720 /* Persistence.swift */; };
		11C30FF32C3720FE00E43720 /* ConsumerView.swift in Sources */ = {isa = PBXBuildFile; fileRef = 11C30FF22C3720FE00E43720 /* ConsumerView.swift */; };
		11C30FFA2C3724DF00E43720 /* Consumer.swift in Sources */ = {isa = PBXBuildFile; fileRef = 11C30FF92C3724DF00E43720 /* Consumer.swift */; };
		11C30FFC2C37282600E43720 /* ConsumerListItemView.swift in Sources */ = {isa = PBXBuildFile; fileRef = 11C30FFB2C37282600E43720 /* ConsumerListItemView.swift */; };
		11C30FFF2C37389500E43720 /* GeneratorView.swift in Sources */ = {isa = PBXBuildFile; fileRef = 11C30FE12C3720A300E43720 /* GeneratorView.swift */; };
/* End PBXBuildFile section */

/* Begin PBXFileReference section */
		1108C3242C488F6900393AF3 /* Generator.router.swift */ = {isa = PBXFileReference; lastKnownFileType = sourcecode.swift; path = Generator.router.swift; sourceTree = "<group>"; };
		1109E2E62C39D71A003DE2AB /* Electricity_consumption_calculator 3.xcdatamodel */ = {isa = PBXFileReference; lastKnownFileType = wrapper.xcdatamodel; path = "Electricity_consumption_calculator 3.xcdatamodel"; sourceTree = "<group>"; };
		1109E2EB2C39E2F9003DE2AB /* ConsumerEntity+Custom.swift */ = {isa = PBXFileReference; lastKnownFileType = sourcecode.swift; path = "ConsumerEntity+Custom.swift"; sourceTree = "<group>"; };
		1109E2F02C3B0AA9003DE2AB /* GeneratorDetailsView.swift */ = {isa = PBXFileReference; lastKnownFileType = sourcecode.swift; path = GeneratorDetailsView.swift; sourceTree = "<group>"; };
		1109E2F62C3B0D3D003DE2AB /* GeneratorEntity+Custom.swift */ = {isa = PBXFileReference; lastKnownFileType = sourcecode.swift; path = "GeneratorEntity+Custom.swift"; sourceTree = "<group>"; };
		1109E2FC2C3B2004003DE2AB /* Formatters.swift */ = {isa = PBXFileReference; lastKnownFileType = sourcecode.swift; path = Formatters.swift; sourceTree = "<group>"; };
		1109E2FF2C3B218C003DE2AB /* EnergyInput.swift */ = {isa = PBXFileReference; lastKnownFileType = sourcecode.swift; path = EnergyInput.swift; sourceTree = "<group>"; };
		1109E3012C3B261B003DE2AB /* Helpers.swift */ = {isa = PBXFileReference; lastKnownFileType = sourcecode.swift; path = Helpers.swift; sourceTree = "<group>"; };
		1109E3092C3B32A0003DE2AB /* Localizable.xcstrings */ = {isa = PBXFileReference; lastKnownFileType = text.json.xcstrings; path = Localizable.xcstrings; sourceTree = "<group>"; };
		1109E30B2C3B3FF0003DE2AB /* Assets.xcassets */ = {isa = PBXFileReference; lastKnownFileType = folder.assetcatalog; name = Assets.xcassets; path = "../../../../Downloads/AppIcons (4)/Assets.xcassets"; sourceTree = "<group>"; };
		112A33EA2C456C3A00920FBF /* KeychainAccess.swift */ = {isa = PBXFileReference; lastKnownFileType = sourcecode.swift; path = KeychainAccess.swift; sourceTree = "<group>"; };
		112A33EF2C45E6BE00920FBF /* HttpConfig.swift */ = {isa = PBXFileReference; lastKnownFileType = sourcecode.swift; path = HttpConfig.swift; sourceTree = "<group>"; };
		112A33F22C45E79400920FBF /* Auth.middleware.swift */ = {isa = PBXFileReference; lastKnownFileType = sourcecode.swift; path = Auth.middleware.swift; sourceTree = "<group>"; };
		112A33F62C45E84700920FBF /* Auth.router.swift */ = {isa = PBXFileReference; lastKnownFileType = sourcecode.swift; path = Auth.router.swift; sourceTree = "<group>"; };
		112A33F92C45EAD400920FBF /* Auth.metadata.swift */ = {isa = PBXFileReference; lastKnownFileType = sourcecode.swift; path = Auth.metadata.swift; sourceTree = "<group>"; };
		113084E52C3840150069845B /* ConsumersSectionView.swift */ = {isa = PBXFileReference; lastKnownFileType = sourcecode.swift; path = ConsumersSectionView.swift; sourceTree = "<group>"; };
		114BFF202C52E69C00C2685A /* Payloads.http.swift */ = {isa = PBXFileReference; lastKnownFileType = sourcecode.swift; path = Payloads.http.swift; sourceTree = "<group>"; };
		114BFF222C545EF900C2685A /* Consumer.router.swift */ = {isa = PBXFileReference; lastKnownFileType = sourcecode.swift; path = Consumer.router.swift; sourceTree = "<group>"; };
		114BFF242C54646200C2685A /* Consumer.middleware.swift */ = {isa = PBXFileReference; lastKnownFileType = sourcecode.swift; path = Consumer.middleware.swift; sourceTree = "<group>"; };
		114BFF262C5464D400C2685A /* Generator.middleware.swift */ = {isa = PBXFileReference; lastKnownFileType = sourcecode.swift; path = Generator.middleware.swift; sourceTree = "<group>"; };
		114BFF282C54664100C2685A /* Generator.metadata.swift */ = {isa = PBXFileReference; lastKnownFileType = sourcecode.swift; path = Generator.metadata.swift; sourceTree = "<group>"; };
		114BFF2A2C553AF300C2685A /* Electricity_consumption_calculator_v4.xcdatamodel */ = {isa = PBXFileReference; lastKnownFileType = wrapper.xcdatamodel; path = Electricity_consumption_calculator_v4.xcdatamodel; sourceTree = "<group>"; };
		118360272C3F0A3E00E97115 /* Electricity-consumption-calculator-Info.plist */ = {isa = PBXFileReference; lastKnownFileType = text.plist; path = "Electricity-consumption-calculator-Info.plist"; sourceTree = SOURCE_ROOT; };
		1183602A2C3F143F00E97115 /* AppDelegate.swift */ = {isa = PBXFileReference; lastKnownFileType = sourcecode.swift; path = AppDelegate.swift; sourceTree = "<group>"; };
		1191E5BA2C568773001F9D64 /* Electricity_consumption_calculator_v5.xcdatamodel */ = {isa = PBXFileReference; lastKnownFileType = wrapper.xcdatamodel; path = Electricity_consumption_calculator_v5.xcdatamodel; sourceTree = "<group>"; };
		1191E5C32C56970E001F9D64 /* ConsumerEntity+CoreDataClass.swift */ = {isa = PBXFileReference; lastKnownFileType = sourcecode.swift; path = "ConsumerEntity+CoreDataClass.swift"; sourceTree = SOURCE_ROOT; };
		1191E5C42C56970E001F9D64 /* ConsumerEntity+CoreDataProperties.swift */ = {isa = PBXFileReference; lastKnownFileType = sourcecode.swift; path = "ConsumerEntity+CoreDataProperties.swift"; sourceTree = SOURCE_ROOT; };
		1191E5C72C569958001F9D64 /* GeneratorEntity+CoreDataClass.swift */ = {isa = PBXFileReference; lastKnownFileType = sourcecode.swift; path = "GeneratorEntity+CoreDataClass.swift"; sourceTree = SOURCE_ROOT; };
		1191E5C82C569958001F9D64 /* GeneratorEntity+CoreDataProperties.swift */ = {isa = PBXFileReference; lastKnownFileType = sourcecode.swift; path = "GeneratorEntity+CoreDataProperties.swift"; sourceTree = SOURCE_ROOT; };
		1191E5CB2C56C2C1001F9D64 /* SyncManager.swift */ = {isa = PBXFileReference; lastKnownFileType = sourcecode.swift; path = SyncManager.swift; sourceTree = "<group>"; };
		11C30FDC2C3720A300E43720 /* Electricity consumption calculator.app */ = {isa = PBXFileReference; explicitFileType = wrapper.application; includeInIndex = 0; path = "Electricity consumption calculator.app"; sourceTree = BUILT_PRODUCTS_DIR; };
		11C30FDF2C3720A300E43720 /* Electricity_consumption_calculatorApp.swift */ = {isa = PBXFileReference; lastKnownFileType = sourcecode.swift; path = Electricity_consumption_calculatorApp.swift; sourceTree = "<group>"; };
		11C30FE12C3720A300E43720 /* GeneratorView.swift */ = {isa = PBXFileReference; lastKnownFileType = sourcecode.swift; path = GeneratorView.swift; sourceTree = "<group>"; };
		11C30FE62C3720A500E43720 /* Preview Assets.xcassets */ = {isa = PBXFileReference; lastKnownFileType = folder.assetcatalog; path = "Preview Assets.xcassets"; sourceTree = "<group>"; };
		11C30FE82C3720A500E43720 /* Persistence.swift */ = {isa = PBXFileReference; lastKnownFileType = sourcecode.swift; path = Persistence.swift; sourceTree = "<group>"; };
		11C30FEB2C3720A600E43720 /* Electricity_consumption_calculator.xcdatamodel */ = {isa = PBXFileReference; lastKnownFileType = wrapper.xcdatamodel; path = Electricity_consumption_calculator.xcdatamodel; sourceTree = "<group>"; };
		11C30FF22C3720FE00E43720 /* ConsumerView.swift */ = {isa = PBXFileReference; lastKnownFileType = sourcecode.swift; path = ConsumerView.swift; sourceTree = "<group>"; };
		11C30FF92C3724DF00E43720 /* Consumer.swift */ = {isa = PBXFileReference; lastKnownFileType = sourcecode.swift; path = Consumer.swift; sourceTree = "<group>"; };
		11C30FFB2C37282600E43720 /* ConsumerListItemView.swift */ = {isa = PBXFileReference; lastKnownFileType = sourcecode.swift; path = ConsumerListItemView.swift; sourceTree = "<group>"; };
		11C30FFD2C37305C00E43720 /* Electricity_consumption_calculator 2.xcdatamodel */ = {isa = PBXFileReference; lastKnownFileType = wrapper.xcdatamodel; path = "Electricity_consumption_calculator 2.xcdatamodel"; sourceTree = "<group>"; };
/* End PBXFileReference section */

/* Begin PBXFrameworksBuildPhase section */
		11C30FD92C3720A300E43720 /* Frameworks */ = {
			isa = PBXFrameworksBuildPhase;
			buildActionMask = 2147483647;
			files = (
				118360222C3DEEDC00E97115 /* GoogleSignIn in Frameworks */,
				112A33EE2C45E6AA00920FBF /* Alamofire in Frameworks */,
				118360242C3DEEDC00E97115 /* GoogleSignInSwift in Frameworks */,
				112A33E92C456BA300920FBF /* KeychainAccess in Frameworks */,
			);
			runOnlyForDeploymentPostprocessing = 0;
		};
/* End PBXFrameworksBuildPhase section */

/* Begin PBXGroup section */
		1109E2FA2C3B0E8D003DE2AB /* CoreData */ = {
			isa = PBXGroup;
			children = (
				1191E5C72C569958001F9D64 /* GeneratorEntity+CoreDataClass.swift */,
				1191E5C82C569958001F9D64 /* GeneratorEntity+CoreDataProperties.swift */,
				1191E5C32C56970E001F9D64 /* ConsumerEntity+CoreDataClass.swift */,
				1191E5C42C56970E001F9D64 /* ConsumerEntity+CoreDataProperties.swift */,
				1109E2F62C3B0D3D003DE2AB /* GeneratorEntity+Custom.swift */,
				1109E2EB2C39E2F9003DE2AB /* ConsumerEntity+Custom.swift */,
			);
			path = CoreData;
			sourceTree = "<group>";
		};
		1109E2FB2C3B1FF4003DE2AB /* Helpers */ = {
			isa = PBXGroup;
			children = (
				1109E2FC2C3B2004003DE2AB /* Formatters.swift */,
				1109E3012C3B261B003DE2AB /* Helpers.swift */,
				112A33EA2C456C3A00920FBF /* KeychainAccess.swift */,
			);
			path = Helpers;
			sourceTree = "<group>";
		};
		1109E2FE2C3B2172003DE2AB /* Components */ = {
			isa = PBXGroup;
			children = (
				1109E2FF2C3B218C003DE2AB /* EnergyInput.swift */,
			);
			path = Components;
			sourceTree = "<group>";
		};
		112A33F12C45E76800920FBF /* Middleware */ = {
			isa = PBXGroup;
			children = (
				112A33F22C45E79400920FBF /* Auth.middleware.swift */,
				114BFF242C54646200C2685A /* Consumer.middleware.swift */,
				114BFF262C5464D400C2685A /* Generator.middleware.swift */,
			);
			path = Middleware;
			sourceTree = "<group>";
		};
		112A33F42C45E82900920FBF /* Http */ = {
			isa = PBXGroup;
			children = (
				112A33F52C45E83700920FBF /* Router */,
				112A33F12C45E76800920FBF /* Middleware */,
				112A33EF2C45E6BE00920FBF /* HttpConfig.swift */,
			);
			path = Http;
			sourceTree = "<group>";
		};
		112A33F52C45E83700920FBF /* Router */ = {
			isa = PBXGroup;
			children = (
				112A33F62C45E84700920FBF /* Auth.router.swift */,
				1108C3242C488F6900393AF3 /* Generator.router.swift */,
				114BFF222C545EF900C2685A /* Consumer.router.swift */,
			);
			path = Router;
			sourceTree = "<group>";
		};
		112A33F82C45EAB200920FBF /* Http */ = {
			isa = PBXGroup;
			children = (
				112A33F92C45EAD400920FBF /* Auth.metadata.swift */,
				114BFF202C52E69C00C2685A /* Payloads.http.swift */,
				114BFF282C54664100C2685A /* Generator.metadata.swift */,
			);
			path = Http;
			sourceTree = "<group>";
		};
		11C30FD32C3720A300E43720 = {
			isa = PBXGroup;
			children = (
				1109E2FA2C3B0E8D003DE2AB /* CoreData */,
				11C30FDE2C3720A300E43720 /* Electricity consumption calculator */,
				11C30FDD2C3720A300E43720 /* Products */,
			);
			sourceTree = "<group>";
		};
		11C30FDD2C3720A300E43720 /* Products */ = {
			isa = PBXGroup;
			children = (
				11C30FDC2C3720A300E43720 /* Electricity consumption calculator.app */,
			);
			name = Products;
			sourceTree = "<group>";
		};
		11C30FDE2C3720A300E43720 /* Electricity consumption calculator */ = {
			isa = PBXGroup;
			children = (
				112A33F42C45E82900920FBF /* Http */,
				118360272C3F0A3E00E97115 /* Electricity-consumption-calculator-Info.plist */,
				1109E2FE2C3B2172003DE2AB /* Components */,
				1109E2FB2C3B1FF4003DE2AB /* Helpers */,
				11C30FF82C3724CC00E43720 /* Metadata */,
				11C30FDF2C3720A300E43720 /* Electricity_consumption_calculatorApp.swift */,
				11C30FF22C3720FE00E43720 /* ConsumerView.swift */,
				11C30FFB2C37282600E43720 /* ConsumerListItemView.swift */,
				11C30FE12C3720A300E43720 /* GeneratorView.swift */,
				1109E3092C3B32A0003DE2AB /* Localizable.xcstrings */,
				1109E2F02C3B0AA9003DE2AB /* GeneratorDetailsView.swift */,
				113084E52C3840150069845B /* ConsumersSectionView.swift */,
				1109E30B2C3B3FF0003DE2AB /* Assets.xcassets */,
				11C30FE82C3720A500E43720 /* Persistence.swift */,
				11C30FEA2C3720A600E43720 /* Electricity_consumption_calculator.xcdatamodeld */,
				11C30FE52C3720A500E43720 /* Preview Content */,
				1183602A2C3F143F00E97115 /* AppDelegate.swift */,
				1191E5CB2C56C2C1001F9D64 /* SyncManager.swift */,
			);
			path = "Electricity consumption calculator";
			sourceTree = "<group>";
		};
		11C30FE52C3720A500E43720 /* Preview Content */ = {
			isa = PBXGroup;
			children = (
				11C30FE62C3720A500E43720 /* Preview Assets.xcassets */,
			);
			path = "Preview Content";
			sourceTree = "<group>";
		};
		11C30FF82C3724CC00E43720 /* Metadata */ = {
			isa = PBXGroup;
			children = (
				112A33F82C45EAB200920FBF /* Http */,
				11C30FF92C3724DF00E43720 /* Consumer.swift */,
			);
			path = Metadata;
			sourceTree = "<group>";
		};
/* End PBXGroup section */

/* Begin PBXNativeTarget section */
		11C30FDB2C3720A300E43720 /* Electricity consumption calculator */ = {
			isa = PBXNativeTarget;
			buildConfigurationList = 11C30FEF2C3720A600E43720 /* Build configuration list for PBXNativeTarget "Electricity consumption calculator" */;
			buildPhases = (
				11C30FD82C3720A300E43720 /* Sources */,
				11C30FD92C3720A300E43720 /* Frameworks */,
				11C30FDA2C3720A300E43720 /* Resources */,
			);
			buildRules = (
			);
			dependencies = (
			);
			name = "Electricity consumption calculator";
			packageProductDependencies = (
				118360212C3DEEDC00E97115 /* GoogleSignIn */,
				118360232C3DEEDC00E97115 /* GoogleSignInSwift */,
				112A33E82C456BA300920FBF /* KeychainAccess */,
				112A33ED2C45E6AA00920FBF /* Alamofire */,
			);
			productName = "Electricity consumption calculator";
			productReference = 11C30FDC2C3720A300E43720 /* Electricity consumption calculator.app */;
			productType = "com.apple.product-type.application";
		};
/* End PBXNativeTarget section */

/* Begin PBXProject section */
		11C30FD42C3720A300E43720 /* Project object */ = {
			isa = PBXProject;
			attributes = {
				BuildIndependentTargetsInParallel = 1;
				LastSwiftUpdateCheck = 1540;
				LastUpgradeCheck = 1540;
				TargetAttributes = {
					11C30FDB2C3720A300E43720 = {
						CreatedOnToolsVersion = 15.4;
					};
				};
			};
			buildConfigurationList = 11C30FD72C3720A300E43720 /* Build configuration list for PBXProject "Electricity consumption calculator" */;
			compatibilityVersion = "Xcode 14.0";
			developmentRegion = uk;
			hasScannedForEncodings = 0;
			knownRegions = (
				en,
				Base,
				uk,
			);
			mainGroup = 11C30FD32C3720A300E43720;
			packageReferences = (
				118360202C3DEEDC00E97115 /* XCRemoteSwiftPackageReference "GoogleSignIn-iOS" */,
				112A33E72C456BA300920FBF /* XCRemoteSwiftPackageReference "KeychainAccess" */,
				112A33EC2C45E6AA00920FBF /* XCRemoteSwiftPackageReference "Alamofire" */,
			);
			productRefGroup = 11C30FDD2C3720A300E43720 /* Products */;
			projectDirPath = "";
			projectRoot = "";
			targets = (
				11C30FDB2C3720A300E43720 /* Electricity consumption calculator */,
			);
		};
/* End PBXProject section */

/* Begin PBXResourcesBuildPhase section */
		11C30FDA2C3720A300E43720 /* Resources */ = {
			isa = PBXResourcesBuildPhase;
			buildActionMask = 2147483647;
			files = (
				11C30FE72C3720A500E43720 /* Preview Assets.xcassets in Resources */,
				1109E30C2C3B3FF0003DE2AB /* Assets.xcassets in Resources */,
				1109E30A2C3B32A0003DE2AB /* Localizable.xcstrings in Resources */,
			);
			runOnlyForDeploymentPostprocessing = 0;
		};
/* End PBXResourcesBuildPhase section */

/* Begin PBXSourcesBuildPhase section */
		11C30FD82C3720A300E43720 /* Sources */ = {
			isa = PBXSourcesBuildPhase;
			buildActionMask = 2147483647;
			files = (
				11C30FE92C3720A500E43720 /* Persistence.swift in Sources */,
				1183602B2C3F143F00E97115 /* AppDelegate.swift in Sources */,
				1191E5CC2C56C2C1001F9D64 /* SyncManager.swift in Sources */,
				1109E2FD2C3B2004003DE2AB /* Formatters.swift in Sources */,
				1109E2F72C3B0D3D003DE2AB /* GeneratorEntity+Custom.swift in Sources */,
				114BFF292C54664100C2685A /* Generator.metadata.swift in Sources */,
				11C30FE02C3720A300E43720 /* Electricity_consumption_calculatorApp.swift in Sources */,
				11C30FF32C3720FE00E43720 /* ConsumerView.swift in Sources */,
				114BFF252C54646200C2685A /* Consumer.middleware.swift in Sources */,
				11C30FFA2C3724DF00E43720 /* Consumer.swift in Sources */,
				1191E5C92C569958001F9D64 /* GeneratorEntity+CoreDataClass.swift in Sources */,
				1191E5CA2C569958001F9D64 /* GeneratorEntity+CoreDataProperties.swift in Sources */,
				112A33F32C45E79400920FBF /* Auth.middleware.swift in Sources */,
				114BFF232C545EFA00C2685A /* Consumer.router.swift in Sources */,
				11C30FFF2C37389500E43720 /* GeneratorView.swift in Sources */,
				1109E3002C3B218C003DE2AB /* EnergyInput.swift in Sources */,
				113084E62C3840150069845B /* ConsumersSectionView.swift in Sources */,
				112A33EB2C456C3A00920FBF /* KeychainAccess.swift in Sources */,
				112A33FA2C45EAD400920FBF /* Auth.metadata.swift in Sources */,
				114BFF212C52E69C00C2685A /* Payloads.http.swift in Sources */,
				1191E5C52C56970E001F9D64 /* ConsumerEntity+CoreDataClass.swift in Sources */,
				1191E5C62C56970E001F9D64 /* ConsumerEntity+CoreDataProperties.swift in Sources */,
				1109E2ED2C39E608003DE2AB /* Electricity_consumption_calculator.xcdatamodeld in Sources */,
				1109E3022C3B261B003DE2AB /* Helpers.swift in Sources */,
				1109E2EC2C39E2F9003DE2AB /* ConsumerEntity+Custom.swift in Sources */,
				1109E2F12C3B0AA9003DE2AB /* GeneratorDetailsView.swift in Sources */,
				11C30FFC2C37282600E43720 /* ConsumerListItemView.swift in Sources */,
				114BFF272C5464D400C2685A /* Generator.middleware.swift in Sources */,
				1108C3252C488F6900393AF3 /* Generator.router.swift in Sources */,
				112A33F02C45E6BE00920FBF /* HttpConfig.swift in Sources */,
				112A33F72C45E84700920FBF /* Auth.router.swift in Sources */,
			);
			runOnlyForDeploymentPostprocessing = 0;
		};
/* End PBXSourcesBuildPhase section */

/* Begin XCBuildConfiguration section */
		11C30FED2C3720A600E43720 /* Debug */ = {
			isa = XCBuildConfiguration;
			buildSettings = {
				ALWAYS_SEARCH_USER_PATHS = NO;
				ASSETCATALOG_COMPILER_GENERATE_SWIFT_ASSET_SYMBOL_EXTENSIONS = YES;
				CLANG_ANALYZER_NONNULL = YES;
				CLANG_ANALYZER_NUMBER_OBJECT_CONVERSION = YES_AGGRESSIVE;
				CLANG_CXX_LANGUAGE_STANDARD = "gnu++20";
				CLANG_ENABLE_MODULES = YES;
				CLANG_ENABLE_OBJC_ARC = YES;
				CLANG_ENABLE_OBJC_WEAK = YES;
				CLANG_WARN_BLOCK_CAPTURE_AUTORELEASING = YES;
				CLANG_WARN_BOOL_CONVERSION = YES;
				CLANG_WARN_COMMA = YES;
				CLANG_WARN_CONSTANT_CONVERSION = YES;
				CLANG_WARN_DEPRECATED_OBJC_IMPLEMENTATIONS = YES;
				CLANG_WARN_DIRECT_OBJC_ISA_USAGE = YES_ERROR;
				CLANG_WARN_DOCUMENTATION_COMMENTS = YES;
				CLANG_WARN_EMPTY_BODY = YES;
				CLANG_WARN_ENUM_CONVERSION = YES;
				CLANG_WARN_INFINITE_RECURSION = YES;
				CLANG_WARN_INT_CONVERSION = YES;
				CLANG_WARN_NON_LITERAL_NULL_CONVERSION = YES;
				CLANG_WARN_OBJC_IMPLICIT_RETAIN_SELF = YES;
				CLANG_WARN_OBJC_LITERAL_CONVERSION = YES;
				CLANG_WARN_OBJC_ROOT_CLASS = YES_ERROR;
				CLANG_WARN_QUOTED_INCLUDE_IN_FRAMEWORK_HEADER = YES;
				CLANG_WARN_RANGE_LOOP_ANALYSIS = YES;
				CLANG_WARN_STRICT_PROTOTYPES = YES;
				CLANG_WARN_SUSPICIOUS_MOVE = YES;
				CLANG_WARN_UNGUARDED_AVAILABILITY = YES_AGGRESSIVE;
				CLANG_WARN_UNREACHABLE_CODE = YES;
				CLANG_WARN__DUPLICATE_METHOD_MATCH = YES;
				COPY_PHASE_STRIP = NO;
				DEBUG_INFORMATION_FORMAT = dwarf;
				ENABLE_STRICT_OBJC_MSGSEND = YES;
				ENABLE_TESTABILITY = YES;
				ENABLE_USER_SCRIPT_SANDBOXING = YES;
				GCC_C_LANGUAGE_STANDARD = gnu17;
				GCC_DYNAMIC_NO_PIC = NO;
				GCC_NO_COMMON_BLOCKS = YES;
				GCC_OPTIMIZATION_LEVEL = 0;
				GCC_PREPROCESSOR_DEFINITIONS = (
					"DEBUG=1",
					"$(inherited)",
				);
				GCC_WARN_64_TO_32_BIT_CONVERSION = YES;
				GCC_WARN_ABOUT_RETURN_TYPE = YES_ERROR;
				GCC_WARN_UNDECLARED_SELECTOR = YES;
				GCC_WARN_UNINITIALIZED_AUTOS = YES_AGGRESSIVE;
				GCC_WARN_UNUSED_FUNCTION = YES;
				GCC_WARN_UNUSED_VARIABLE = YES;
				IPHONEOS_DEPLOYMENT_TARGET = 17.5;
				LOCALIZATION_PREFERS_STRING_CATALOGS = YES;
				MTL_ENABLE_DEBUG_INFO = INCLUDE_SOURCE;
				MTL_FAST_MATH = YES;
				ONLY_ACTIVE_ARCH = YES;
				SDKROOT = iphoneos;
				SWIFT_ACTIVE_COMPILATION_CONDITIONS = "DEBUG $(inherited)";
				SWIFT_OPTIMIZATION_LEVEL = "-Onone";
			};
			name = Debug;
		};
		11C30FEE2C3720A600E43720 /* Release */ = {
			isa = XCBuildConfiguration;
			buildSettings = {
				ALWAYS_SEARCH_USER_PATHS = NO;
				ASSETCATALOG_COMPILER_GENERATE_SWIFT_ASSET_SYMBOL_EXTENSIONS = YES;
				CLANG_ANALYZER_NONNULL = YES;
				CLANG_ANALYZER_NUMBER_OBJECT_CONVERSION = YES_AGGRESSIVE;
				CLANG_CXX_LANGUAGE_STANDARD = "gnu++20";
				CLANG_ENABLE_MODULES = YES;
				CLANG_ENABLE_OBJC_ARC = YES;
				CLANG_ENABLE_OBJC_WEAK = YES;
				CLANG_WARN_BLOCK_CAPTURE_AUTORELEASING = YES;
				CLANG_WARN_BOOL_CONVERSION = YES;
				CLANG_WARN_COMMA = YES;
				CLANG_WARN_CONSTANT_CONVERSION = YES;
				CLANG_WARN_DEPRECATED_OBJC_IMPLEMENTATIONS = YES;
				CLANG_WARN_DIRECT_OBJC_ISA_USAGE = YES_ERROR;
				CLANG_WARN_DOCUMENTATION_COMMENTS = YES;
				CLANG_WARN_EMPTY_BODY = YES;
				CLANG_WARN_ENUM_CONVERSION = YES;
				CLANG_WARN_INFINITE_RECURSION = YES;
				CLANG_WARN_INT_CONVERSION = YES;
				CLANG_WARN_NON_LITERAL_NULL_CONVERSION = YES;
				CLANG_WARN_OBJC_IMPLICIT_RETAIN_SELF = YES;
				CLANG_WARN_OBJC_LITERAL_CONVERSION = YES;
				CLANG_WARN_OBJC_ROOT_CLASS = YES_ERROR;
				CLANG_WARN_QUOTED_INCLUDE_IN_FRAMEWORK_HEADER = YES;
				CLANG_WARN_RANGE_LOOP_ANALYSIS = YES;
				CLANG_WARN_STRICT_PROTOTYPES = YES;
				CLANG_WARN_SUSPICIOUS_MOVE = YES;
				CLANG_WARN_UNGUARDED_AVAILABILITY = YES_AGGRESSIVE;
				CLANG_WARN_UNREACHABLE_CODE = YES;
				CLANG_WARN__DUPLICATE_METHOD_MATCH = YES;
				COPY_PHASE_STRIP = NO;
				DEBUG_INFORMATION_FORMAT = "dwarf-with-dsym";
				ENABLE_NS_ASSERTIONS = NO;
				ENABLE_STRICT_OBJC_MSGSEND = YES;
				ENABLE_USER_SCRIPT_SANDBOXING = YES;
				GCC_C_LANGUAGE_STANDARD = gnu17;
				GCC_NO_COMMON_BLOCKS = YES;
				GCC_WARN_64_TO_32_BIT_CONVERSION = YES;
				GCC_WARN_ABOUT_RETURN_TYPE = YES_ERROR;
				GCC_WARN_UNDECLARED_SELECTOR = YES;
				GCC_WARN_UNINITIALIZED_AUTOS = YES_AGGRESSIVE;
				GCC_WARN_UNUSED_FUNCTION = YES;
				GCC_WARN_UNUSED_VARIABLE = YES;
				IPHONEOS_DEPLOYMENT_TARGET = 17.5;
				LOCALIZATION_PREFERS_STRING_CATALOGS = YES;
				MTL_ENABLE_DEBUG_INFO = NO;
				MTL_FAST_MATH = YES;
				SDKROOT = iphoneos;
				SWIFT_COMPILATION_MODE = wholemodule;
				VALIDATE_PRODUCT = YES;
			};
			name = Release;
		};
		11C30FF02C3720A600E43720 /* Debug */ = {
			isa = XCBuildConfiguration;
			buildSettings = {
				ASSETCATALOG_COMPILER_APPICON_NAME = AppIcon;
				ASSETCATALOG_COMPILER_GLOBAL_ACCENT_COLOR_NAME = AccentColor;
				CODE_SIGN_STYLE = Automatic;
				CURRENT_PROJECT_VERSION = 1;
				DEVELOPMENT_ASSET_PATHS = "\"Electricity consumption calculator/Preview Content\"";
				DEVELOPMENT_TEAM = 6H5SPDEMQK;
				ENABLE_PREVIEWS = YES;
				GENERATE_INFOPLIST_FILE = YES;
				INFOPLIST_FILE = "Electricity-consumption-calculator-Info.plist";
				INFOPLIST_KEY_CFBundleDisplayName = "Споживання";
				INFOPLIST_KEY_UIApplicationSceneManifest_Generation = YES;
				INFOPLIST_KEY_UIApplicationSupportsIndirectInputEvents = YES;
				INFOPLIST_KEY_UILaunchScreen_Generation = YES;
				INFOPLIST_KEY_UISupportedInterfaceOrientations_iPad = "UIInterfaceOrientationPortrait UIInterfaceOrientationPortraitUpsideDown UIInterfaceOrientationLandscapeLeft UIInterfaceOrientationLandscapeRight";
				INFOPLIST_KEY_UISupportedInterfaceOrientations_iPhone = "UIInterfaceOrientationPortrait UIInterfaceOrientationLandscapeLeft UIInterfaceOrientationLandscapeRight";
				LD_RUNPATH_SEARCH_PATHS = (
					"$(inherited)",
					"@executable_path/Frameworks",
				);
				MARKETING_VERSION = 1.0;
				PRODUCT_BUNDLE_IDENTIFIER = "project.Electricity-consumption-calculator";
				PRODUCT_NAME = "$(TARGET_NAME)";
				SWIFT_EMIT_LOC_STRINGS = YES;
				SWIFT_VERSION = 5.0;
				TARGETED_DEVICE_FAMILY = "1,2";
			};
			name = Debug;
		};
		11C30FF12C3720A600E43720 /* Release */ = {
			isa = XCBuildConfiguration;
			buildSettings = {
				ASSETCATALOG_COMPILER_APPICON_NAME = AppIcon;
				ASSETCATALOG_COMPILER_GLOBAL_ACCENT_COLOR_NAME = AccentColor;
				CODE_SIGN_STYLE = Automatic;
				CURRENT_PROJECT_VERSION = 1;
				DEVELOPMENT_ASSET_PATHS = "\"Electricity consumption calculator/Preview Content\"";
				DEVELOPMENT_TEAM = 6H5SPDEMQK;
				ENABLE_PREVIEWS = YES;
				GENERATE_INFOPLIST_FILE = YES;
				INFOPLIST_FILE = "Electricity-consumption-calculator-Info.plist";
				INFOPLIST_KEY_CFBundleDisplayName = "Споживання";
				INFOPLIST_KEY_UIApplicationSceneManifest_Generation = YES;
				INFOPLIST_KEY_UIApplicationSupportsIndirectInputEvents = YES;
				INFOPLIST_KEY_UILaunchScreen_Generation = YES;
				INFOPLIST_KEY_UISupportedInterfaceOrientations_iPad = "UIInterfaceOrientationPortrait UIInterfaceOrientationPortraitUpsideDown UIInterfaceOrientationLandscapeLeft UIInterfaceOrientationLandscapeRight";
				INFOPLIST_KEY_UISupportedInterfaceOrientations_iPhone = "UIInterfaceOrientationPortrait UIInterfaceOrientationLandscapeLeft UIInterfaceOrientationLandscapeRight";
				LD_RUNPATH_SEARCH_PATHS = (
					"$(inherited)",
					"@executable_path/Frameworks",
				);
				MARKETING_VERSION = 1.0;
				PRODUCT_BUNDLE_IDENTIFIER = "project.Electricity-consumption-calculator";
				PRODUCT_NAME = "$(TARGET_NAME)";
				SWIFT_EMIT_LOC_STRINGS = YES;
				SWIFT_VERSION = 5.0;
				TARGETED_DEVICE_FAMILY = "1,2";
			};
			name = Release;
		};
/* End XCBuildConfiguration section */

/* Begin XCConfigurationList section */
		11C30FD72C3720A300E43720 /* Build configuration list for PBXProject "Electricity consumption calculator" */ = {
			isa = XCConfigurationList;
			buildConfigurations = (
				11C30FED2C3720A600E43720 /* Debug */,
				11C30FEE2C3720A600E43720 /* Release */,
			);
			defaultConfigurationIsVisible = 0;
			defaultConfigurationName = Release;
		};
		11C30FEF2C3720A600E43720 /* Build configuration list for PBXNativeTarget "Electricity consumption calculator" */ = {
			isa = XCConfigurationList;
			buildConfigurations = (
				11C30FF02C3720A600E43720 /* Debug */,
				11C30FF12C3720A600E43720 /* Release */,
			);
			defaultConfigurationIsVisible = 0;
			defaultConfigurationName = Release;
		};
/* End XCConfigurationList section */

/* Begin XCRemoteSwiftPackageReference section */
		112A33E72C456BA300920FBF /* XCRemoteSwiftPackageReference "KeychainAccess" */ = {
			isa = XCRemoteSwiftPackageReference;
			repositoryURL = "https://github.com/kishikawakatsumi/KeychainAccess.git";
			requirement = {
				branch = master;
				kind = branch;
			};
		};
		112A33EC2C45E6AA00920FBF /* XCRemoteSwiftPackageReference "Alamofire" */ = {
			isa = XCRemoteSwiftPackageReference;
			repositoryURL = "https://github.com/Alamofire/Alamofire.git";
			requirement = {
				kind = upToNextMajorVersion;
				minimumVersion = 5.9.1;
			};
		};
		118360202C3DEEDC00E97115 /* XCRemoteSwiftPackageReference "GoogleSignIn-iOS" */ = {
			isa = XCRemoteSwiftPackageReference;
			repositoryURL = "https://github.com/google/GoogleSignIn-iOS";
			requirement = {
				kind = upToNextMajorVersion;
				minimumVersion = 7.1.0;
			};
		};
/* End XCRemoteSwiftPackageReference section */

/* Begin XCSwiftPackageProductDependency section */
		112A33E82C456BA300920FBF /* KeychainAccess */ = {
			isa = XCSwiftPackageProductDependency;
			package = 112A33E72C456BA300920FBF /* XCRemoteSwiftPackageReference "KeychainAccess" */;
			productName = KeychainAccess;
		};
		112A33ED2C45E6AA00920FBF /* Alamofire */ = {
			isa = XCSwiftPackageProductDependency;
			package = 112A33EC2C45E6AA00920FBF /* XCRemoteSwiftPackageReference "Alamofire" */;
			productName = Alamofire;
		};
		118360212C3DEEDC00E97115 /* GoogleSignIn */ = {
			isa = XCSwiftPackageProductDependency;
			package = 118360202C3DEEDC00E97115 /* XCRemoteSwiftPackageReference "GoogleSignIn-iOS" */;
			productName = GoogleSignIn;
		};
		118360232C3DEEDC00E97115 /* GoogleSignInSwift */ = {
			isa = XCSwiftPackageProductDependency;
			package = 118360202C3DEEDC00E97115 /* XCRemoteSwiftPackageReference "GoogleSignIn-iOS" */;
			productName = GoogleSignInSwift;
		};
/* End XCSwiftPackageProductDependency section */

/* Begin XCVersionGroup section */
		11C30FEA2C3720A600E43720 /* Electricity_consumption_calculator.xcdatamodeld */ = {
			isa = XCVersionGroup;
			children = (
				1191E5BA2C568773001F9D64 /* Electricity_consumption_calculator_v5.xcdatamodel */,
				114BFF2A2C553AF300C2685A /* Electricity_consumption_calculator_v4.xcdatamodel */,
				1109E2E62C39D71A003DE2AB /* Electricity_consumption_calculator 3.xcdatamodel */,
				11C30FFD2C37305C00E43720 /* Electricity_consumption_calculator 2.xcdatamodel */,
				11C30FEB2C3720A600E43720 /* Electricity_consumption_calculator.xcdatamodel */,
			);
			currentVersion = 1191E5BA2C568773001F9D64 /* Electricity_consumption_calculator_v5.xcdatamodel */;
			path = Electricity_consumption_calculator.xcdatamodeld;
			sourceTree = "<group>";
			versionGroupType = wrapper.xcdatamodel;
		};
/* End XCVersionGroup section */
	};
	rootObject = 11C30FD42C3720A300E43720 /* Project object */;
}
